// !$*UTF8*$!
{
	archiveVersion = 1;
	classes = {
	};
	objectVersion = 56;
	objects = {

/* Begin PBXBuildFile section */
		BF01C0DD297F29A80036BE44 /* ExerciseDetailView.swift in Sources */ = {isa = PBXBuildFile; fileRef = BF01C0DC297F29A80036BE44 /* ExerciseDetailView.swift */; };
		BF01C0DF297F30AE0036BE44 /* WorkoutView.swift in Sources */ = {isa = PBXBuildFile; fileRef = BF01C0DE297F30AE0036BE44 /* WorkoutView.swift */; };
		BF1B02B3297F65AA0014507D /* ExerciseListView.swift in Sources */ = {isa = PBXBuildFile; fileRef = BF1B02B2297F65AA0014507D /* ExerciseListView.swift */; };
		BF77ABFA298308D3000EBBE7 /* ExerciseDetailViewModel.swift in Sources */ = {isa = PBXBuildFile; fileRef = BF77ABF9298308D3000EBBE7 /* ExerciseDetailViewModel.swift */; };
		BF77ABFC29830F52000EBBE7 /* WorkoutViewModel_Test.swift in Sources */ = {isa = PBXBuildFile; fileRef = BF77ABFB29830F52000EBBE7 /* WorkoutViewModel_Test.swift */; };
		BF77ABFD29830FE7000EBBE7 /* WorkoutView.swift in Sources */ = {isa = PBXBuildFile; fileRef = BF01C0DE297F30AE0036BE44 /* WorkoutView.swift */; };
		BF77ABFE29830FEA000EBBE7 /* WorkoutViewModel.swift in Sources */ = {isa = PBXBuildFile; fileRef = BF783C61297F0E000046D0F6 /* WorkoutViewModel.swift */; };
		BF77ABFF29831168000EBBE7 /* ExerciseListView.swift in Sources */ = {isa = PBXBuildFile; fileRef = BF1B02B2297F65AA0014507D /* ExerciseListView.swift */; };
		BF77AC002983116F000EBBE7 /* ExerciseDetailView.swift in Sources */ = {isa = PBXBuildFile; fileRef = BF01C0DC297F29A80036BE44 /* ExerciseDetailView.swift */; };
		BF77AC0129831171000EBBE7 /* ExerciseDetailViewModel.swift in Sources */ = {isa = PBXBuildFile; fileRef = BF77ABF9298308D3000EBBE7 /* ExerciseDetailViewModel.swift */; };
		BF77AC0629831955000EBBE7 /* ExerciseList.json in Resources */ = {isa = PBXBuildFile; fileRef = BF77AC0529831955000EBBE7 /* ExerciseList.json */; };
		BF77AC0A29832837000EBBE7 /* ExerciseDetailViewModel_Test.swift in Sources */ = {isa = PBXBuildFile; fileRef = BF77AC0929832837000EBBE7 /* ExerciseDetailViewModel_Test.swift */; };
		BF783C36297F0D930046D0F6 /* ExplorationApp.swift in Sources */ = {isa = PBXBuildFile; fileRef = BF783C35297F0D930046D0F6 /* ExplorationApp.swift */; };
		BF783C38297F0D930046D0F6 /* ContentView.swift in Sources */ = {isa = PBXBuildFile; fileRef = BF783C37297F0D930046D0F6 /* ContentView.swift */; };
		BF783C3A297F0D950046D0F6 /* Assets.xcassets in Resources */ = {isa = PBXBuildFile; fileRef = BF783C39297F0D950046D0F6 /* Assets.xcassets */; };
		BF783C3D297F0D950046D0F6 /* Preview Assets.xcassets in Resources */ = {isa = PBXBuildFile; fileRef = BF783C3C297F0D950046D0F6 /* Preview Assets.xcassets */; };
		BF783C51297F0D950046D0F6 /* ExplorationUITests.swift in Sources */ = {isa = PBXBuildFile; fileRef = BF783C50297F0D950046D0F6 /* ExplorationUITests.swift */; };
		BF783C53297F0D950046D0F6 /* ExplorationUITestsLaunchTests.swift in Sources */ = {isa = PBXBuildFile; fileRef = BF783C52297F0D950046D0F6 /* ExplorationUITestsLaunchTests.swift */; };
		BF783C62297F0E000046D0F6 /* WorkoutViewModel.swift in Sources */ = {isa = PBXBuildFile; fileRef = BF783C61297F0E000046D0F6 /* WorkoutViewModel.swift */; };
/* End PBXBuildFile section */

/* Begin PBXContainerItemProxy section */
		BF783C43297F0D950046D0F6 /* PBXContainerItemProxy */ = {
			isa = PBXContainerItemProxy;
			containerPortal = BF783C2A297F0D930046D0F6 /* Project object */;
			proxyType = 1;
			remoteGlobalIDString = BF783C31297F0D930046D0F6;
			remoteInfo = Exploration;
		};
		BF783C4D297F0D950046D0F6 /* PBXContainerItemProxy */ = {
			isa = PBXContainerItemProxy;
			containerPortal = BF783C2A297F0D930046D0F6 /* Project object */;
			proxyType = 1;
			remoteGlobalIDString = BF783C31297F0D930046D0F6;
			remoteInfo = Exploration;
		};
/* End PBXContainerItemProxy section */

/* Begin PBXFileReference section */
		BF01C0DC297F29A80036BE44 /* ExerciseDetailView.swift */ = {isa = PBXFileReference; lastKnownFileType = sourcecode.swift; path = ExerciseDetailView.swift; sourceTree = "<group>"; };
		BF01C0DE297F30AE0036BE44 /* WorkoutView.swift */ = {isa = PBXFileReference; lastKnownFileType = sourcecode.swift; path = WorkoutView.swift; sourceTree = "<group>"; };
		BF1B02B2297F65AA0014507D /* ExerciseListView.swift */ = {isa = PBXFileReference; lastKnownFileType = sourcecode.swift; path = ExerciseListView.swift; sourceTree = "<group>"; };
		BF77ABF9298308D3000EBBE7 /* ExerciseDetailViewModel.swift */ = {isa = PBXFileReference; lastKnownFileType = sourcecode.swift; path = ExerciseDetailViewModel.swift; sourceTree = "<group>"; };
		BF77ABFB29830F52000EBBE7 /* WorkoutViewModel_Test.swift */ = {isa = PBXFileReference; lastKnownFileType = sourcecode.swift; path = WorkoutViewModel_Test.swift; sourceTree = "<group>"; };
		BF77AC0529831955000EBBE7 /* ExerciseList.json */ = {isa = PBXFileReference; lastKnownFileType = text.json; path = ExerciseList.json; sourceTree = "<group>"; };
		BF77AC0929832837000EBBE7 /* ExerciseDetailViewModel_Test.swift */ = {isa = PBXFileReference; lastKnownFileType = sourcecode.swift; path = ExerciseDetailViewModel_Test.swift; sourceTree = "<group>"; };
		BF783C32297F0D930046D0F6 /* Exploration.app */ = {isa = PBXFileReference; explicitFileType = wrapper.application; includeInIndex = 0; path = Exploration.app; sourceTree = BUILT_PRODUCTS_DIR; };
		BF783C35297F0D930046D0F6 /* ExplorationApp.swift */ = {isa = PBXFileReference; lastKnownFileType = sourcecode.swift; path = ExplorationApp.swift; sourceTree = "<group>"; };
		BF783C37297F0D930046D0F6 /* ContentView.swift */ = {isa = PBXFileReference; lastKnownFileType = sourcecode.swift; path = ContentView.swift; sourceTree = "<group>"; };
		BF783C39297F0D950046D0F6 /* Assets.xcassets */ = {isa = PBXFileReference; lastKnownFileType = folder.assetcatalog; path = Assets.xcassets; sourceTree = "<group>"; };
		BF783C3C297F0D950046D0F6 /* Preview Assets.xcassets */ = {isa = PBXFileReference; lastKnownFileType = folder.assetcatalog; path = "Preview Assets.xcassets"; sourceTree = "<group>"; };
		BF783C42297F0D950046D0F6 /* ExplorationTests.xctest */ = {isa = PBXFileReference; explicitFileType = wrapper.cfbundle; includeInIndex = 0; path = ExplorationTests.xctest; sourceTree = BUILT_PRODUCTS_DIR; };
		BF783C4C297F0D950046D0F6 /* ExplorationUITests.xctest */ = {isa = PBXFileReference; explicitFileType = wrapper.cfbundle; includeInIndex = 0; path = ExplorationUITests.xctest; sourceTree = BUILT_PRODUCTS_DIR; };
		BF783C50297F0D950046D0F6 /* ExplorationUITests.swift */ = {isa = PBXFileReference; lastKnownFileType = sourcecode.swift; path = ExplorationUITests.swift; sourceTree = "<group>"; };
		BF783C52297F0D950046D0F6 /* ExplorationUITestsLaunchTests.swift */ = {isa = PBXFileReference; lastKnownFileType = sourcecode.swift; path = ExplorationUITestsLaunchTests.swift; sourceTree = "<group>"; };
		BF783C61297F0E000046D0F6 /* WorkoutViewModel.swift */ = {isa = PBXFileReference; lastKnownFileType = sourcecode.swift; path = WorkoutViewModel.swift; sourceTree = "<group>"; };
/* End PBXFileReference section */

/* Begin PBXFrameworksBuildPhase section */
		BF783C2F297F0D930046D0F6 /* Frameworks */ = {
			isa = PBXFrameworksBuildPhase;
			buildActionMask = 2147483647;
			files = (
			);
			runOnlyForDeploymentPostprocessing = 0;
		};
		BF783C3F297F0D950046D0F6 /* Frameworks */ = {
			isa = PBXFrameworksBuildPhase;
			buildActionMask = 2147483647;
			files = (
			);
			runOnlyForDeploymentPostprocessing = 0;
		};
		BF783C49297F0D950046D0F6 /* Frameworks */ = {
			isa = PBXFrameworksBuildPhase;
			buildActionMask = 2147483647;
			files = (
			);
			runOnlyForDeploymentPostprocessing = 0;
		};
/* End PBXFrameworksBuildPhase section */

/* Begin PBXGroup section */
		BF783C29297F0D930046D0F6 = {
			isa = PBXGroup;
			children = (
				BF783C34297F0D930046D0F6 /* Exploration */,
				BF783C45297F0D950046D0F6 /* ExplorationTests */,
				BF783C4F297F0D950046D0F6 /* ExplorationUITests */,
				BF783C33297F0D930046D0F6 /* Products */,
			);
			sourceTree = "<group>";
		};
		BF783C33297F0D930046D0F6 /* Products */ = {
			isa = PBXGroup;
			children = (
				BF783C32297F0D930046D0F6 /* Exploration.app */,
				BF783C42297F0D950046D0F6 /* ExplorationTests.xctest */,
				BF783C4C297F0D950046D0F6 /* ExplorationUITests.xctest */,
			);
			name = Products;
			sourceTree = "<group>";
		};
		BF783C34297F0D930046D0F6 /* Exploration */ = {
			isa = PBXGroup;
			children = (
				BF783C60297F0DE70046D0F6 /* Views */,
				BF783C5F297F0DD90046D0F6 /* ViewModels */,
				BF783C35297F0D930046D0F6 /* ExplorationApp.swift */,
				BF783C37297F0D930046D0F6 /* ContentView.swift */,
				BF783C39297F0D950046D0F6 /* Assets.xcassets */,
				BF77AC0529831955000EBBE7 /* ExerciseList.json */,
				BF783C3B297F0D950046D0F6 /* Preview Content */,
			);
			path = Exploration;
			sourceTree = "<group>";
		};
		BF783C3B297F0D950046D0F6 /* Preview Content */ = {
			isa = PBXGroup;
			children = (
				BF783C3C297F0D950046D0F6 /* Preview Assets.xcassets */,
			);
			path = "Preview Content";
			sourceTree = "<group>";
		};
		BF783C45297F0D950046D0F6 /* ExplorationTests */ = {
			isa = PBXGroup;
			children = (
				BF77ABFB29830F52000EBBE7 /* WorkoutViewModel_Test.swift */,
				BF77AC0929832837000EBBE7 /* ExerciseDetailViewModel_Test.swift */,
			);
			path = ExplorationTests;
			sourceTree = "<group>";
		};
		BF783C4F297F0D950046D0F6 /* ExplorationUITests */ = {
			isa = PBXGroup;
			children = (
				BF783C50297F0D950046D0F6 /* ExplorationUITests.swift */,
				BF783C52297F0D950046D0F6 /* ExplorationUITestsLaunchTests.swift */,
			);
			path = ExplorationUITests;
			sourceTree = "<group>";
		};
		BF783C5F297F0DD90046D0F6 /* ViewModels */ = {
			isa = PBXGroup;
			children = (
				BF783C61297F0E000046D0F6 /* WorkoutViewModel.swift */,
				BF77ABF9298308D3000EBBE7 /* ExerciseDetailViewModel.swift */,
			);
			path = ViewModels;
			sourceTree = "<group>";
		};
		BF783C60297F0DE70046D0F6 /* Views */ = {
			isa = PBXGroup;
			children = (
				BF01C0DC297F29A80036BE44 /* ExerciseDetailView.swift */,
				BF01C0DE297F30AE0036BE44 /* WorkoutView.swift */,
				BF1B02B2297F65AA0014507D /* ExerciseListView.swift */,
			);
			path = Views;
			sourceTree = "<group>";
		};
/* End PBXGroup section */

/* Begin PBXNativeTarget section */
		BF783C31297F0D930046D0F6 /* Exploration */ = {
			isa = PBXNativeTarget;
			buildConfigurationList = BF783C56297F0D950046D0F6 /* Build configuration list for PBXNativeTarget "Exploration" */;
			buildPhases = (
				BF783C2E297F0D930046D0F6 /* Sources */,
				BF783C2F297F0D930046D0F6 /* Frameworks */,
				BF783C30297F0D930046D0F6 /* Resources */,
			);
			buildRules = (
			);
			dependencies = (
			);
			name = Exploration;
			productName = Exploration;
			productReference = BF783C32297F0D930046D0F6 /* Exploration.app */;
			productType = "com.apple.product-type.application";
		};
		BF783C41297F0D950046D0F6 /* ExplorationTests */ = {
			isa = PBXNativeTarget;
			buildConfigurationList = BF783C59297F0D950046D0F6 /* Build configuration list for PBXNativeTarget "ExplorationTests" */;
			buildPhases = (
				BF783C3E297F0D950046D0F6 /* Sources */,
				BF783C3F297F0D950046D0F6 /* Frameworks */,
				BF783C40297F0D950046D0F6 /* Resources */,
			);
			buildRules = (
			);
			dependencies = (
				BF783C44297F0D950046D0F6 /* PBXTargetDependency */,
			);
			name = ExplorationTests;
			productName = ExplorationTests;
			productReference = BF783C42297F0D950046D0F6 /* ExplorationTests.xctest */;
			productType = "com.apple.product-type.bundle.unit-test";
		};
		BF783C4B297F0D950046D0F6 /* ExplorationUITests */ = {
			isa = PBXNativeTarget;
			buildConfigurationList = BF783C5C297F0D950046D0F6 /* Build configuration list for PBXNativeTarget "ExplorationUITests" */;
			buildPhases = (
				BF783C48297F0D950046D0F6 /* Sources */,
				BF783C49297F0D950046D0F6 /* Frameworks */,
				BF783C4A297F0D950046D0F6 /* Resources */,
			);
			buildRules = (
			);
			dependencies = (
				BF783C4E297F0D950046D0F6 /* PBXTargetDependency */,
			);
			name = ExplorationUITests;
			productName = ExplorationUITests;
			productReference = BF783C4C297F0D950046D0F6 /* ExplorationUITests.xctest */;
			productType = "com.apple.product-type.bundle.ui-testing";
		};
/* End PBXNativeTarget section */

/* Begin PBXProject section */
		BF783C2A297F0D930046D0F6 /* Project object */ = {
			isa = PBXProject;
			attributes = {
				BuildIndependentTargetsInParallel = 1;
				LastSwiftUpdateCheck = 1410;
				LastUpgradeCheck = 1410;
				TargetAttributes = {
					BF783C31297F0D930046D0F6 = {
						CreatedOnToolsVersion = 14.1;
					};
					BF783C41297F0D950046D0F6 = {
						CreatedOnToolsVersion = 14.1;
						TestTargetID = BF783C31297F0D930046D0F6;
					};
					BF783C4B297F0D950046D0F6 = {
						CreatedOnToolsVersion = 14.1;
						TestTargetID = BF783C31297F0D930046D0F6;
					};
				};
			};
			buildConfigurationList = BF783C2D297F0D930046D0F6 /* Build configuration list for PBXProject "Exploration" */;
			compatibilityVersion = "Xcode 14.0";
			developmentRegion = en;
			hasScannedForEncodings = 0;
			knownRegions = (
				en,
				Base,
			);
			mainGroup = BF783C29297F0D930046D0F6;
			productRefGroup = BF783C33297F0D930046D0F6 /* Products */;
			projectDirPath = "";
			projectRoot = "";
			targets = (
				BF783C31297F0D930046D0F6 /* Exploration */,
				BF783C41297F0D950046D0F6 /* ExplorationTests */,
				BF783C4B297F0D950046D0F6 /* ExplorationUITests */,
			);
		};
/* End PBXProject section */

/* Begin PBXResourcesBuildPhase section */
		BF783C30297F0D930046D0F6 /* Resources */ = {
			isa = PBXResourcesBuildPhase;
			buildActionMask = 2147483647;
			files = (
				BF783C3D297F0D950046D0F6 /* Preview Assets.xcassets in Resources */,
				BF783C3A297F0D950046D0F6 /* Assets.xcassets in Resources */,
				BF77AC0629831955000EBBE7 /* ExerciseList.json in Resources */,
			);
			runOnlyForDeploymentPostprocessing = 0;
		};
		BF783C40297F0D950046D0F6 /* Resources */ = {
			isa = PBXResourcesBuildPhase;
			buildActionMask = 2147483647;
			files = (
			);
			runOnlyForDeploymentPostprocessing = 0;
		};
		BF783C4A297F0D950046D0F6 /* Resources */ = {
			isa = PBXResourcesBuildPhase;
			buildActionMask = 2147483647;
			files = (
			);
			runOnlyForDeploymentPostprocessing = 0;
		};
/* End PBXResourcesBuildPhase section */

/* Begin PBXSourcesBuildPhase section */
		BF783C2E297F0D930046D0F6 /* Sources */ = {
			isa = PBXSourcesBuildPhase;
			buildActionMask = 2147483647;
			files = (
				BF77ABFA298308D3000EBBE7 /* ExerciseDetailViewModel.swift in Sources */,
				BF783C38297F0D930046D0F6 /* ContentView.swift in Sources */,
				BF01C0DD297F29A80036BE44 /* ExerciseDetailView.swift in Sources */,
				BF783C62297F0E000046D0F6 /* WorkoutViewModel.swift in Sources */,
				BF783C36297F0D930046D0F6 /* ExplorationApp.swift in Sources */,
				BF01C0DF297F30AE0036BE44 /* WorkoutView.swift in Sources */,
				BF1B02B3297F65AA0014507D /* ExerciseListView.swift in Sources */,
			);
			runOnlyForDeploymentPostprocessing = 0;
		};
		BF783C3E297F0D950046D0F6 /* Sources */ = {
			isa = PBXSourcesBuildPhase;
			buildActionMask = 2147483647;
			files = (
				BF77ABFF29831168000EBBE7 /* ExerciseListView.swift in Sources */,
				BF77AC002983116F000EBBE7 /* ExerciseDetailView.swift in Sources */,
				BF77ABFD29830FE7000EBBE7 /* WorkoutView.swift in Sources */,
				BF77AC0129831171000EBBE7 /* ExerciseDetailViewModel.swift in Sources */,
				BF77ABFE29830FEA000EBBE7 /* WorkoutViewModel.swift in Sources */,
				BF77AC0A29832837000EBBE7 /* ExerciseDetailViewModel_Test.swift in Sources */,
				BF77ABFC29830F52000EBBE7 /* WorkoutViewModel_Test.swift in Sources */,
			);
			runOnlyForDeploymentPostprocessing = 0;
		};
		BF783C48297F0D950046D0F6 /* Sources */ = {
			isa = PBXSourcesBuildPhase;
			buildActionMask = 2147483647;
			files = (
				BF783C53297F0D950046D0F6 /* ExplorationUITestsLaunchTests.swift in Sources */,
				BF783C51297F0D950046D0F6 /* ExplorationUITests.swift in Sources */,
			);
			runOnlyForDeploymentPostprocessing = 0;
		};
/* End PBXSourcesBuildPhase section */

/* Begin PBXTargetDependency section */
		BF783C44297F0D950046D0F6 /* PBXTargetDependency */ = {
			isa = PBXTargetDependency;
			target = BF783C31297F0D930046D0F6 /* Exploration */;
			targetProxy = BF783C43297F0D950046D0F6 /* PBXContainerItemProxy */;
		};
		BF783C4E297F0D950046D0F6 /* PBXTargetDependency */ = {
			isa = PBXTargetDependency;
			target = BF783C31297F0D930046D0F6 /* Exploration */;
			targetProxy = BF783C4D297F0D950046D0F6 /* PBXContainerItemProxy */;
		};
/* End PBXTargetDependency section */

/* Begin XCBuildConfiguration section */
		BF783C54297F0D950046D0F6 /* Debug */ = {
			isa = XCBuildConfiguration;
			buildSettings = {
				ALWAYS_SEARCH_USER_PATHS = NO;
				CLANG_ANALYZER_NONNULL = YES;
				CLANG_ANALYZER_NUMBER_OBJECT_CONVERSION = YES_AGGRESSIVE;
				CLANG_CXX_LANGUAGE_STANDARD = "gnu++20";
				CLANG_ENABLE_MODULES = YES;
				CLANG_ENABLE_OBJC_ARC = YES;
				CLANG_ENABLE_OBJC_WEAK = YES;
				CLANG_WARN_BLOCK_CAPTURE_AUTORELEASING = YES;
				CLANG_WARN_BOOL_CONVERSION = YES;
				CLANG_WARN_COMMA = YES;
				CLANG_WARN_CONSTANT_CONVERSION = YES;
				CLANG_WARN_DEPRECATED_OBJC_IMPLEMENTATIONS = YES;
				CLANG_WARN_DIRECT_OBJC_ISA_USAGE = YES_ERROR;
				CLANG_WARN_DOCUMENTATION_COMMENTS = YES;
				CLANG_WARN_EMPTY_BODY = YES;
				CLANG_WARN_ENUM_CONVERSION = YES;
				CLANG_WARN_INFINITE_RECURSION = YES;
				CLANG_WARN_INT_CONVERSION = YES;
				CLANG_WARN_NON_LITERAL_NULL_CONVERSION = YES;
				CLANG_WARN_OBJC_IMPLICIT_RETAIN_SELF = YES;
				CLANG_WARN_OBJC_LITERAL_CONVERSION = YES;
				CLANG_WARN_OBJC_ROOT_CLASS = YES_ERROR;
				CLANG_WARN_QUOTED_INCLUDE_IN_FRAMEWORK_HEADER = YES;
				CLANG_WARN_RANGE_LOOP_ANALYSIS = YES;
				CLANG_WARN_STRICT_PROTOTYPES = YES;
				CLANG_WARN_SUSPICIOUS_MOVE = YES;
				CLANG_WARN_UNGUARDED_AVAILABILITY = YES_AGGRESSIVE;
				CLANG_WARN_UNREACHABLE_CODE = YES;
				CLANG_WARN__DUPLICATE_METHOD_MATCH = YES;
				COPY_PHASE_STRIP = NO;
				DEBUG_INFORMATION_FORMAT = dwarf;
				ENABLE_STRICT_OBJC_MSGSEND = YES;
				ENABLE_TESTABILITY = YES;
				GCC_C_LANGUAGE_STANDARD = gnu11;
				GCC_DYNAMIC_NO_PIC = NO;
				GCC_NO_COMMON_BLOCKS = YES;
				GCC_OPTIMIZATION_LEVEL = 0;
				GCC_PREPROCESSOR_DEFINITIONS = (
					"DEBUG=1",
					"$(inherited)",
				);
				GCC_WARN_64_TO_32_BIT_CONVERSION = YES;
				GCC_WARN_ABOUT_RETURN_TYPE = YES_ERROR;
				GCC_WARN_UNDECLARED_SELECTOR = YES;
				GCC_WARN_UNINITIALIZED_AUTOS = YES_AGGRESSIVE;
				GCC_WARN_UNUSED_FUNCTION = YES;
				GCC_WARN_UNUSED_VARIABLE = YES;
				IPHONEOS_DEPLOYMENT_TARGET = 16.1;
				MTL_ENABLE_DEBUG_INFO = INCLUDE_SOURCE;
				MTL_FAST_MATH = YES;
				ONLY_ACTIVE_ARCH = YES;
				SDKROOT = iphoneos;
				SWIFT_ACTIVE_COMPILATION_CONDITIONS = DEBUG;
				SWIFT_OPTIMIZATION_LEVEL = "-Onone";
			};
			name = Debug;
		};
		BF783C55297F0D950046D0F6 /* Release */ = {
			isa = XCBuildConfiguration;
			buildSettings = {
				ALWAYS_SEARCH_USER_PATHS = NO;
				CLANG_ANALYZER_NONNULL = YES;
				CLANG_ANALYZER_NUMBER_OBJECT_CONVERSION = YES_AGGRESSIVE;
				CLANG_CXX_LANGUAGE_STANDARD = "gnu++20";
				CLANG_ENABLE_MODULES = YES;
				CLANG_ENABLE_OBJC_ARC = YES;
				CLANG_ENABLE_OBJC_WEAK = YES;
				CLANG_WARN_BLOCK_CAPTURE_AUTORELEASING = YES;
				CLANG_WARN_BOOL_CONVERSION = YES;
				CLANG_WARN_COMMA = YES;
				CLANG_WARN_CONSTANT_CONVERSION = YES;
				CLANG_WARN_DEPRECATED_OBJC_IMPLEMENTATIONS = YES;
				CLANG_WARN_DIRECT_OBJC_ISA_USAGE = YES_ERROR;
				CLANG_WARN_DOCUMENTATION_COMMENTS = YES;
				CLANG_WARN_EMPTY_BODY = YES;
				CLANG_WARN_ENUM_CONVERSION = YES;
				CLANG_WARN_INFINITE_RECURSION = YES;
				CLANG_WARN_INT_CONVERSION = YES;
				CLANG_WARN_NON_LITERAL_NULL_CONVERSION = YES;
				CLANG_WARN_OBJC_IMPLICIT_RETAIN_SELF = YES;
				CLANG_WARN_OBJC_LITERAL_CONVERSION = YES;
				CLANG_WARN_OBJC_ROOT_CLASS = YES_ERROR;
				CLANG_WARN_QUOTED_INCLUDE_IN_FRAMEWORK_HEADER = YES;
				CLANG_WARN_RANGE_LOOP_ANALYSIS = YES;
				CLANG_WARN_STRICT_PROTOTYPES = YES;
				CLANG_WARN_SUSPICIOUS_MOVE = YES;
				CLANG_WARN_UNGUARDED_AVAILABILITY = YES_AGGRESSIVE;
				CLANG_WARN_UNREACHABLE_CODE = YES;
				CLANG_WARN__DUPLICATE_METHOD_MATCH = YES;
				COPY_PHASE_STRIP = NO;
				DEBUG_INFORMATION_FORMAT = "dwarf-with-dsym";
				ENABLE_NS_ASSERTIONS = NO;
				ENABLE_STRICT_OBJC_MSGSEND = YES;
				GCC_C_LANGUAGE_STANDARD = gnu11;
				GCC_NO_COMMON_BLOCKS = YES;
				GCC_WARN_64_TO_32_BIT_CONVERSION = YES;
				GCC_WARN_ABOUT_RETURN_TYPE = YES_ERROR;
				GCC_WARN_UNDECLARED_SELECTOR = YES;
				GCC_WARN_UNINITIALIZED_AUTOS = YES_AGGRESSIVE;
				GCC_WARN_UNUSED_FUNCTION = YES;
				GCC_WARN_UNUSED_VARIABLE = YES;
				IPHONEOS_DEPLOYMENT_TARGET = 16.1;
				MTL_ENABLE_DEBUG_INFO = NO;
				MTL_FAST_MATH = YES;
				SDKROOT = iphoneos;
				SWIFT_COMPILATION_MODE = wholemodule;
				SWIFT_OPTIMIZATION_LEVEL = "-O";
				VALIDATE_PRODUCT = YES;
			};
			name = Release;
		};
		BF783C57297F0D950046D0F6 /* Debug */ = {
			isa = XCBuildConfiguration;
			buildSettings = {
				ASSETCATALOG_COMPILER_APPICON_NAME = AppIcon;
				ASSETCATALOG_COMPILER_GLOBAL_ACCENT_COLOR_NAME = AccentColor;
				CODE_SIGN_STYLE = Automatic;
				CURRENT_PROJECT_VERSION = 1;
				DEVELOPMENT_ASSET_PATHS = "\"Exploration/Preview Content\"";
				ENABLE_PREVIEWS = YES;
				GENERATE_INFOPLIST_FILE = YES;
				INFOPLIST_KEY_UIApplicationSceneManifest_Generation = YES;
				INFOPLIST_KEY_UIApplicationSupportsIndirectInputEvents = YES;
				INFOPLIST_KEY_UILaunchScreen_Generation = YES;
				INFOPLIST_KEY_UISupportedInterfaceOrientations_iPad = "UIInterfaceOrientationPortrait UIInterfaceOrientationPortraitUpsideDown UIInterfaceOrientationLandscapeLeft UIInterfaceOrientationLandscapeRight";
				INFOPLIST_KEY_UISupportedInterfaceOrientations_iPhone = "UIInterfaceOrientationPortrait UIInterfaceOrientationLandscapeLeft UIInterfaceOrientationLandscapeRight";
				LD_RUNPATH_SEARCH_PATHS = (
					"$(inherited)",
					"@executable_path/Frameworks",
				);
				MARKETING_VERSION = 1.0;
				PRODUCT_BUNDLE_IDENTIFIER = com.learning.ios.dev.Exploration;
				PRODUCT_NAME = "$(TARGET_NAME)";
				SWIFT_EMIT_LOC_STRINGS = YES;
				SWIFT_VERSION = 5.0;
				TARGETED_DEVICE_FAMILY = "1,2";
			};
			name = Debug;
		};
		BF783C58297F0D950046D0F6 /* Release */ = {
			isa = XCBuildConfiguration;
			buildSettings = {
				ASSETCATALOG_COMPILER_APPICON_NAME = AppIcon;
				ASSETCATALOG_COMPILER_GLOBAL_ACCENT_COLOR_NAME = AccentColor;
				CODE_SIGN_STYLE = Automatic;
				CURRENT_PROJECT_VERSION = 1;
				DEVELOPMENT_ASSET_PATHS = "\"Exploration/Preview Content\"";
				ENABLE_PREVIEWS = YES;
				GENERATE_INFOPLIST_FILE = YES;
				INFOPLIST_KEY_UIApplicationSceneManifest_Generation = YES;
				INFOPLIST_KEY_UIApplicationSupportsIndirectInputEvents = YES;
				INFOPLIST_KEY_UILaunchScreen_Generation = YES;
				INFOPLIST_KEY_UISupportedInterfaceOrientations_iPad = "UIInterfaceOrientationPortrait UIInterfaceOrientationPortraitUpsideDown UIInterfaceOrientationLandscapeLeft UIInterfaceOrientationLandscapeRight";
				INFOPLIST_KEY_UISupportedInterfaceOrientations_iPhone = "UIInterfaceOrientationPortrait UIInterfaceOrientationLandscapeLeft UIInterfaceOrientationLandscapeRight";
				LD_RUNPATH_SEARCH_PATHS = (
					"$(inherited)",
					"@executable_path/Frameworks",
				);
				MARKETING_VERSION = 1.0;
				PRODUCT_BUNDLE_IDENTIFIER = com.learning.ios.dev.Exploration;
				PRODUCT_NAME = "$(TARGET_NAME)";
				SWIFT_EMIT_LOC_STRINGS = YES;
				SWIFT_VERSION = 5.0;
				TARGETED_DEVICE_FAMILY = "1,2";
			};
			name = Release;
		};
		BF783C5A297F0D950046D0F6 /* Debug */ = {
			isa = XCBuildConfiguration;
			buildSettings = {
				ALWAYS_EMBED_SWIFT_STANDARD_LIBRARIES = YES;
				BUNDLE_LOADER = "$(TEST_HOST)";
				CODE_SIGN_STYLE = Automatic;
				CURRENT_PROJECT_VERSION = 1;
				GENERATE_INFOPLIST_FILE = YES;
				IPHONEOS_DEPLOYMENT_TARGET = 16.1;
				MARKETING_VERSION = 1.0;
				PRODUCT_BUNDLE_IDENTIFIER = com.learning.ios.dev.ExplorationTests;
				PRODUCT_NAME = "$(TARGET_NAME)";
				SWIFT_EMIT_LOC_STRINGS = NO;
				SWIFT_VERSION = 5.0;
				TARGETED_DEVICE_FAMILY = "1,2";
				TEST_HOST = "$(BUILT_PRODUCTS_DIR)/Exploration.app/$(BUNDLE_EXECUTABLE_FOLDER_PATH)/Exploration";
			};
			name = Debug;
		};
		BF783C5B297F0D950046D0F6 /* Release */ = {
			isa = XCBuildConfiguration;
			buildSettings = {
				ALWAYS_EMBED_SWIFT_STANDARD_LIBRARIES = YES;
				BUNDLE_LOADER = "$(TEST_HOST)";
				CODE_SIGN_STYLE = Automatic;
				CURRENT_PROJECT_VERSION = 1;
				GENERATE_INFOPLIST_FILE = YES;
				IPHONEOS_DEPLOYMENT_TARGET = 16.1;
				MARKETING_VERSION = 1.0;
				PRODUCT_BUNDLE_IDENTIFIER = com.learning.ios.dev.ExplorationTests;
				PRODUCT_NAME = "$(TARGET_NAME)";
				SWIFT_EMIT_LOC_STRINGS = NO;
				SWIFT_VERSION = 5.0;
				TARGETED_DEVICE_FAMILY = "1,2";
				TEST_HOST = "$(BUILT_PRODUCTS_DIR)/Exploration.app/$(BUNDLE_EXECUTABLE_FOLDER_PATH)/Exploration";
			};
			name = Release;
		};
		BF783C5D297F0D950046D0F6 /* Debug */ = {
			isa = XCBuildConfiguration;
			buildSettings = {
				ALWAYS_EMBED_SWIFT_STANDARD_LIBRARIES = YES;
				CODE_SIGN_STYLE = Automatic;
				CURRENT_PROJECT_VERSION = 1;
				GENERATE_INFOPLIST_FILE = YES;
				MARKETING_VERSION = 1.0;
				PRODUCT_BUNDLE_IDENTIFIER = com.learning.ios.dev.ExplorationUITests;
				PRODUCT_NAME = "$(TARGET_NAME)";
				SWIFT_EMIT_LOC_STRINGS = NO;
				SWIFT_VERSION = 5.0;
				TARGETED_DEVICE_FAMILY = "1,2";
				TEST_TARGET_NAME = Exploration;
			};
			name = Debug;
		};
		BF783C5E297F0D950046D0F6 /* Release */ = {
			isa = XCBuildConfiguration;
			buildSettings = {
				ALWAYS_EMBED_SWIFT_STANDARD_LIBRARIES = YES;
				CODE_SIGN_STYLE = Automatic;
				CURRENT_PROJECT_VERSION = 1;
				GENERATE_INFOPLIST_FILE = YES;
				MARKETING_VERSION = 1.0;
				PRODUCT_BUNDLE_IDENTIFIER = com.learning.ios.dev.ExplorationUITests;
				PRODUCT_NAME = "$(TARGET_NAME)";
				SWIFT_EMIT_LOC_STRINGS = NO;
				SWIFT_VERSION = 5.0;
				TARGETED_DEVICE_FAMILY = "1,2";
				TEST_TARGET_NAME = Exploration;
			};
			name = Release;
		};
/* End XCBuildConfiguration section */

/* Begin XCConfigurationList section */
		BF783C2D297F0D930046D0F6 /* Build configuration list for PBXProject "Exploration" */ = {
			isa = XCConfigurationList;
			buildConfigurations = (
				BF783C54297F0D950046D0F6 /* Debug */,
				BF783C55297F0D950046D0F6 /* Release */,
			);
			defaultConfigurationIsVisible = 0;
			defaultConfigurationName = Release;
		};
		BF783C56297F0D950046D0F6 /* Build configuration list for PBXNativeTarget "Exploration" */ = {
			isa = XCConfigurationList;
			buildConfigurations = (
				BF783C57297F0D950046D0F6 /* Debug */,
				BF783C58297F0D950046D0F6 /* Release */,
			);
			defaultConfigurationIsVisible = 0;
			defaultConfigurationName = Release;
		};
		BF783C59297F0D950046D0F6 /* Build configuration list for PBXNativeTarget "ExplorationTests" */ = {
			isa = XCConfigurationList;
			buildConfigurations = (
				BF783C5A297F0D950046D0F6 /* Debug */,
				BF783C5B297F0D950046D0F6 /* Release */,
			);
			defaultConfigurationIsVisible = 0;
			defaultConfigurationName = Release;
		};
		BF783C5C297F0D950046D0F6 /* Build configuration list for PBXNativeTarget "ExplorationUITests" */ = {
			isa = XCConfigurationList;
			buildConfigurations = (
				BF783C5D297F0D950046D0F6 /* Debug */,
				BF783C5E297F0D950046D0F6 /* Release */,
			);
			defaultConfigurationIsVisible = 0;
			defaultConfigurationName = Release;
		};
/* End XCConfigurationList section */
	};
	rootObject = BF783C2A297F0D930046D0F6 /* Project object */;
}
